
Microsoft Visual Studio Solution File, Format Version 12.00
Project("{FAE04EC0-301F-11D3-BF4B-00C04F79EFBC}") = "SLAE-Solver", "SLAE-Solver\SLAE-Solver.csproj", "{7E645D84-E466-42ED-BE80-B0A106E70575}"
EndProject
Project("{FAE04EC0-301F-11D3-BF4B-00C04F79EFBC}") = "SLAESolver", "SLAESolver\SLAESolver.csproj", "{2671F138-7CD3-4F8B-980F-60A271831533}"
EndProject
Global
	GlobalSection(SolutionConfigurationPlatforms) = preSolution
		Debug|Any CPU = Debug|Any CPU
		Release|Any CPU = Release|Any CPU
	EndGlobalSection
	GlobalSection(ProjectConfigurationPlatforms) = postSolution
		{7E645D84-E466-42ED-BE80-B0A106E70575}.Debug|Any CPU.ActiveCfg = Debug|Any CPU
		{7E645D84-E466-42ED-BE80-B0A106E70575}.Debug|Any CPU.Build.0 = Debug|Any CPU
		{7E645D84-E466-42ED-BE80-B0A106E70575}.Release|Any CPU.ActiveCfg = Release|Any CPU
		{7E645D84-E466-42ED-BE80-B0A106E70575}.Release|Any CPU.Build.0 = Release|Any CPU
		{2671F138-7CD3-4F8B-980F-60A271831533}.Debug|Any CPU.ActiveCfg = Debug|Any CPU
		{2671F138-7CD3-4F8B-980F-60A271831533}.Debug|Any CPU.Build.0 = Debug|Any CPU
		{2671F138-7CD3-4F8B-980F-60A271831533}.Release|Any CPU.ActiveCfg = Release|Any CPU
		{2671F138-7CD3-4F8B-980F-60A271831533}.Release|Any CPU.Build.0 = Release|Any CPU
	EndGlobalSection
EndGlobal
